
Microsoft Visual Studio Solution File, Format Version 12.00
# Visual Studio 15
VisualStudioVersion = 15.0.28307.1000
MinimumVisualStudioVersion = 10.0.40219.1
Project("{FAE04EC0-301F-11D3-BF4B-00C04F79EFBC}") = "CalculatorLoggerApp", "CalculatorLoggerApp\CalculatorLoggerApp.csproj", "{1C8C4953-F27D-4ED8-9062-75B17EA81AD0}"
EndProject
Project("{FAE04EC0-301F-11D3-BF4B-00C04F79EFBC}") = "CalculatorLoggerLibrary", "CalculatorLoggerLibrary\CalculatorLoggerLibrary.csproj", "{3B86F3B5-614E-4445-A31A-6AFB162FEB38}"
EndProject
Project("{FAE04EC0-301F-11D3-BF4B-00C04F79EFBC}") = "CalculatorLoggerTests", "CalculatorLoggerTests\CalculatorLoggerTests.csproj", "{CF38BD3B-3942-4091-84A8-B148567A74AE}"
EndProject
Project("{2150E333-8FDC-42A3-9474-1A3956D46DE8}") = "Solution Items", "Solution Items", "{82389FF1-AE50-45D4-83BF-173B7C9F38D8}"
	ProjectSection(SolutionItems) = preProject
		LICENSE = LICENSE
		README.md = README.md
	EndProjectSection
EndProject
Project("{FAE04EC0-301F-11D3-BF4B-00C04F79EFBC}") = "Calculator", "Calculator\Calculator.csproj", "{7B9B9D91-78B9-4E39-AEDC-93E26F83B940}"
EndProject
Project("{FAE04EC0-301F-11D3-BF4B-00C04F79EFBC}") = "CalculatorTests", "CalculatorTests\CalculatorTests.csproj", "{B91EA6C1-FD6A-40D6-BBDA-8BAB4CF03AE6}"
EndProject
Global
	GlobalSection(SolutionConfigurationPlatforms) = preSolution
		Debug|Any CPU = Debug|Any CPU
		Debug|x86 = Debug|x86
		Release|Any CPU = Release|Any CPU
		Release|x86 = Release|x86
	EndGlobalSection
	GlobalSection(ProjectConfigurationPlatforms) = postSolution
		{1C8C4953-F27D-4ED8-9062-75B17EA81AD0}.Debug|Any CPU.ActiveCfg = Debug|x86
		{1C8C4953-F27D-4ED8-9062-75B17EA81AD0}.Debug|x86.ActiveCfg = Debug|x86
		{1C8C4953-F27D-4ED8-9062-75B17EA81AD0}.Debug|x86.Build.0 = Debug|x86
		{1C8C4953-F27D-4ED8-9062-75B17EA81AD0}.Release|Any CPU.ActiveCfg = Release|x86
		{1C8C4953-F27D-4ED8-9062-75B17EA81AD0}.Release|x86.ActiveCfg = Release|x86
		{1C8C4953-F27D-4ED8-9062-75B17EA81AD0}.Release|x86.Build.0 = Release|x86
		{3B86F3B5-614E-4445-A31A-6AFB162FEB38}.Debug|Any CPU.ActiveCfg = Debug|Any CPU
		{3B86F3B5-614E-4445-A31A-6AFB162FEB38}.Debug|Any CPU.Build.0 = Debug|Any CPU
		{3B86F3B5-614E-4445-A31A-6AFB162FEB38}.Debug|x86.ActiveCfg = Debug|Any CPU
		{3B86F3B5-614E-4445-A31A-6AFB162FEB38}.Debug|x86.Build.0 = Debug|Any CPU
		{3B86F3B5-614E-4445-A31A-6AFB162FEB38}.Release|Any CPU.ActiveCfg = Release|Any CPU
		{3B86F3B5-614E-4445-A31A-6AFB162FEB38}.Release|Any CPU.Build.0 = Release|Any CPU
		{3B86F3B5-614E-4445-A31A-6AFB162FEB38}.Release|x86.ActiveCfg = Release|Any CPU
		{3B86F3B5-614E-4445-A31A-6AFB162FEB38}.Release|x86.Build.0 = Release|Any CPU
		{CF38BD3B-3942-4091-84A8-B148567A74AE}.Debug|Any CPU.ActiveCfg = Debug|Any CPU
		{CF38BD3B-3942-4091-84A8-B148567A74AE}.Debug|Any CPU.Build.0 = Debug|Any CPU
		{CF38BD3B-3942-4091-84A8-B148567A74AE}.Debug|x86.ActiveCfg = Debug|Any CPU
		{CF38BD3B-3942-4091-84A8-B148567A74AE}.Debug|x86.Build.0 = Debug|Any CPU
		{CF38BD3B-3942-4091-84A8-B148567A74AE}.Release|Any CPU.ActiveCfg = Release|Any CPU
		{CF38BD3B-3942-4091-84A8-B148567A74AE}.Release|Any CPU.Build.0 = Release|Any CPU
		{CF38BD3B-3942-4091-84A8-B148567A74AE}.Release|x86.ActiveCfg = Release|Any CPU
		{CF38BD3B-3942-4091-84A8-B148567A74AE}.Release|x86.Build.0 = Release|Any CPU
		{7B9B9D91-78B9-4E39-AEDC-93E26F83B940}.Debug|Any CPU.ActiveCfg = Debug|Any CPU
		{7B9B9D91-78B9-4E39-AEDC-93E26F83B940}.Debug|Any CPU.Build.0 = Debug|Any CPU
		{7B9B9D91-78B9-4E39-AEDC-93E26F83B940}.Debug|x86.ActiveCfg = Debug|Any CPU
		{7B9B9D91-78B9-4E39-AEDC-93E26F83B940}.Debug|x86.Build.0 = Debug|Any CPU
		{7B9B9D91-78B9-4E39-AEDC-93E26F83B940}.Release|Any CPU.ActiveCfg = Release|Any CPU
		{7B9B9D91-78B9-4E39-AEDC-93E26F83B940}.Release|Any CPU.Build.0 = Release|Any CPU
		{7B9B9D91-78B9-4E39-AEDC-93E26F83B940}.Release|x86.ActiveCfg = Release|Any CPU
		{7B9B9D91-78B9-4E39-AEDC-93E26F83B940}.Release|x86.Build.0 = Release|Any CPU
		{B91EA6C1-FD6A-40D6-BBDA-8BAB4CF03AE6}.Debug|Any CPU.ActiveCfg = Debug|Any CPU
		{B91EA6C1-FD6A-40D6-BBDA-8BAB4CF03AE6}.Debug|Any CPU.Build.0 = Debug|Any CPU
		{B91EA6C1-FD6A-40D6-BBDA-8BAB4CF03AE6}.Debug|x86.ActiveCfg = Debug|Any CPU
		{B91EA6C1-FD6A-40D6-BBDA-8BAB4CF03AE6}.Debug|x86.Build.0 = Debug|Any CPU
		{B91EA6C1-FD6A-40D6-BBDA-8BAB4CF03AE6}.Release|Any CPU.ActiveCfg = Release|Any CPU
		{B91EA6C1-FD6A-40D6-BBDA-8BAB4CF03AE6}.Release|Any CPU.Build.0 = Release|Any CPU
		{B91EA6C1-FD6A-40D6-BBDA-8BAB4CF03AE6}.Release|x86.ActiveCfg = Release|Any CPU
		{B91EA6C1-FD6A-40D6-BBDA-8BAB4CF03AE6}.Release|x86.Build.0 = Release|Any CPU
	EndGlobalSection
	GlobalSection(SolutionProperties) = preSolution
		HideSolutionNode = FALSE
	EndGlobalSection
	GlobalSection(ExtensibilityGlobals) = postSolution
		SolutionGuid = {2AA2D33B-40BD-4D67-A49A-5D149272355D}
	EndGlobalSection
EndGlobal
