
Microsoft Visual Studio Solution File, Format Version 12.00
# Visual Studio 14
VisualStudioVersion = 14.0.25420.1
MinimumVisualStudioVersion = 10.0.40219.1
Project("{FAE04EC0-301F-11D3-BF4B-00C04F79EFBC}") = "CalculatorLoggerApp", "CalculatorLogger\CalculatorLoggerApp.csproj", "{1C8C4953-F27D-4ED8-9062-75B17EA81AD0}"
EndProject
Project("{FAE04EC0-301F-11D3-BF4B-00C04F79EFBC}") = "CalculatorLoggerLibrary", "CalculatorLoggerLibrary\CalculatorLoggerLibrary.csproj", "{3B86F3B5-614E-4445-A31A-6AFB162FEB38}"
EndProject
Project("{FAE04EC0-301F-11D3-BF4B-00C04F79EFBC}") = "CalculatorLoggerTests", "CalculatorLoggerTests\CalculatorLoggerTests.csproj", "{CF38BD3B-3942-4091-84A8-B148567A74AE}"
EndProject
Project("{2150E333-8FDC-42A3-9474-1A3956D46DE8}") = "Solution Items", "Solution Items", "{82389FF1-AE50-45D4-83BF-173B7C9F38D8}"
	ProjectSection(SolutionItems) = preProject
		LICENSE = LICENSE
		README.md = README.md
	EndProjectSection
EndProject
Global
	GlobalSection(SolutionConfigurationPlatforms) = preSolution
		Debug|Any CPU = Debug|Any CPU
		Debug|x86 = Debug|x86
		Release|Any CPU = Release|Any CPU
		Release|x86 = Release|x86
	EndGlobalSection
	GlobalSection(ProjectConfigurationPlatforms) = postSolution
		{1C8C4953-F27D-4ED8-9062-75B17EA81AD0}.Debug|Any CPU.ActiveCfg = Debug|x86
		{1C8C4953-F27D-4ED8-9062-75B17EA81AD0}.Debug|x86.ActiveCfg = Debug|x86
		{1C8C4953-F27D-4ED8-9062-75B17EA81AD0}.Debug|x86.Build.0 = Debug|x86
		{1C8C4953-F27D-4ED8-9062-75B17EA81AD0}.Release|Any CPU.ActiveCfg = Release|x86
		{1C8C4953-F27D-4ED8-9062-75B17EA81AD0}.Release|x86.ActiveCfg = Release|x86
		{1C8C4953-F27D-4ED8-9062-75B17EA81AD0}.Release|x86.Build.0 = Release|x86
		{3B86F3B5-614E-4445-A31A-6AFB162FEB38}.Debug|Any CPU.ActiveCfg = Debug|Any CPU
		{3B86F3B5-614E-4445-A31A-6AFB162FEB38}.Debug|Any CPU.Build.0 = Debug|Any CPU
		{3B86F3B5-614E-4445-A31A-6AFB162FEB38}.Debug|x86.ActiveCfg = Debug|Any CPU
		{3B86F3B5-614E-4445-A31A-6AFB162FEB38}.Debug|x86.Build.0 = Debug|Any CPU
		{3B86F3B5-614E-4445-A31A-6AFB162FEB38}.Release|Any CPU.ActiveCfg = Release|Any CPU
		{3B86F3B5-614E-4445-A31A-6AFB162FEB38}.Release|Any CPU.Build.0 = Release|Any CPU
		{3B86F3B5-614E-4445-A31A-6AFB162FEB38}.Release|x86.ActiveCfg = Release|Any CPU
		{3B86F3B5-614E-4445-A31A-6AFB162FEB38}.Release|x86.Build.0 = Release|Any CPU
		{CF38BD3B-3942-4091-84A8-B148567A74AE}.Debug|Any CPU.ActiveCfg = Debug|Any CPU
		{CF38BD3B-3942-4091-84A8-B148567A74AE}.Debug|Any CPU.Build.0 = Debug|Any CPU
		{CF38BD3B-3942-4091-84A8-B148567A74AE}.Debug|x86.ActiveCfg = Debug|Any CPU
		{CF38BD3B-3942-4091-84A8-B148567A74AE}.Debug|x86.Build.0 = Debug|Any CPU
		{CF38BD3B-3942-4091-84A8-B148567A74AE}.Release|Any CPU.ActiveCfg = Release|Any CPU
		{CF38BD3B-3942-4091-84A8-B148567A74AE}.Release|Any CPU.Build.0 = Release|Any CPU
		{CF38BD3B-3942-4091-84A8-B148567A74AE}.Release|x86.ActiveCfg = Release|Any CPU
		{CF38BD3B-3942-4091-84A8-B148567A74AE}.Release|x86.Build.0 = Release|Any CPU
	EndGlobalSection
	GlobalSection(SolutionProperties) = preSolution
		HideSolutionNode = FALSE
	EndGlobalSection
	GlobalSection(TeamFoundationVersionControl) = preSolution
		SccNumberOfProjects = 4
		SccEnterpriseProvider = {4CA58AB2-18FA-4F8D-95D4-32DDF27D184C}
		SccTeamFoundationServer = https://andriyshyrokoryadov.visualstudio.com/
		SccLocalPath0 = .
		SccProjectUniqueName1 = CalculatorLogger\\CalculatorLoggerApp.csproj
		SccProjectName1 = CalculatorLogger
		SccLocalPath1 = CalculatorLogger
		SccProjectUniqueName2 = CalculatorLoggerLibrary\\CalculatorLoggerLibrary.csproj
		SccProjectName2 = CalculatorLoggerLibrary
		SccLocalPath2 = CalculatorLoggerLibrary
		SccProjectUniqueName3 = CalculatorLoggerTests\\CalculatorLoggerTests.csproj
		SccProjectName3 = CalculatorLoggerTests
		SccLocalPath3 = CalculatorLoggerTests
	EndGlobalSection
EndGlobal
